{
  "nodes": {
    "dalamud": {
      "inputs": {
        "nixpkgs": [
          "nixpkgs"
        ]
      },
      "locked": {
        "lastModified": 1776102992,
        "narHash": "sha256-0NOjcz70MbJfV1STcQ4pfaCYAT99PEKAowb/ElflHUY=",
        "owner": "Blooym",
        "repo": "dalamud-nix",
        "rev": "10e1d6e1993ea7ffdb246ee209d8548ac469f307",
        "type": "github"
      },
      "original": {
        "owner": "Blooym",
        "repo": "dalamud-nix",
        "type": "github"
      }
    },
    "nixpkgs": {
      "locked": {
        "lastModified": 1775710090,
        "narHash": "sha256-ar3rofg+awPB8QXDaFJhJ2jJhu+KqN/PRCXeyuXR76E=",
        "owner": "nixos",
        "repo": "nixpkgs",
        "rev": "4c1018dae018162ec878d42fec712642d214fdfa",
        "type": "github"
      },
      "original": {
        "owner": "nixos",
        "ref": "nixos-unstable",
        "repo": "nixpkgs",
        "type": "github"
      }
    },
    "root": {
      "inputs": {
        "dalamud": "dalamud",
        "nixpkgs": "nixpkgs"
      }
    }
  },
  "root": "root",
  "version": 7
}
